// !$*UTF8*$!
{
	archiveVersion = 1;
	classes = {
	};
	objectVersion = 56;
	objects = {

/* Begin PBXBuildFile section */
		747DB2B02BC28E8F00D450FA /* main.m in Sources */ = {isa = PBXBuildFile; fileRef = 747DB2AF2BC28E8F00D450FA /* main.m */; };
		747DB2BC2BC2A42500D450FA /* Fraction.m in Sources */ = {isa = PBXBuildFile; fileRef = 747DB2BB2BC2A42500D450FA /* Fraction.m */; };
		747DB2C72BC2DE2600D450FA /* RSPerson.m in Sources */ = {isa = PBXBuildFile; fileRef = 747DB2C62BC2DE2600D450FA /* RSPerson.m */; };
		747DB2D32BC2F1A600D450FA /* RSPessenger.m in Sources */ = {isa = PBXBuildFile; fileRef = 747DB2D22BC2F1A600D450FA /* RSPessenger.m */; };
		747DB2D72BC2F35900D450FA /* RSVehicle.m in Sources */ = {isa = PBXBuildFile; fileRef = 747DB2D62BC2F35900D450FA /* RSVehicle.m */; };
		747DB2DE2BC2F61D00D450FA /* RSCar.m in Sources */ = {isa = PBXBuildFile; fileRef = 747DB2DD2BC2F61D00D450FA /* RSCar.m */; };
		747DB2E32BC2F6F200D450FA /* RSCarPort.m in Sources */ = {isa = PBXBuildFile; fileRef = 747DB2E22BC2F6F200D450FA /* RSCarPort.m */; };
/* End PBXBuildFile section */

/* Begin PBXCopyFilesBuildPhase section */
		747DB2AA2BC28E8F00D450FA /* CopyFiles */ = {
			isa = PBXCopyFilesBuildPhase;
			buildActionMask = 2147483647;
			dstPath = /usr/share/man/man1/;
			dstSubfolderSpec = 0;
			files = (
			);
			runOnlyForDeploymentPostprocessing = 1;
		};
/* End PBXCopyFilesBuildPhase section */

/* Begin PBXFileReference section */
		747DB2AC2BC28E8F00D450FA /* test Objective-C */ = {isa = PBXFileReference; explicitFileType = "compiled.mach-o.executable"; includeInIndex = 0; path = "test Objective-C"; sourceTree = BUILT_PRODUCTS_DIR; };
		747DB2AF2BC28E8F00D450FA /* main.m */ = {isa = PBXFileReference; lastKnownFileType = sourcecode.c.objc; path = main.m; sourceTree = "<group>"; };
		747DB2BA2BC2A42500D450FA /* Fraction.h */ = {isa = PBXFileReference; lastKnownFileType = sourcecode.c.h; path = Fraction.h; sourceTree = "<group>"; };
		747DB2BB2BC2A42500D450FA /* Fraction.m */ = {isa = PBXFileReference; lastKnownFileType = sourcecode.c.objc; path = Fraction.m; sourceTree = "<group>"; };
		747DB2C42BC2B16A00D450FA /* numbersProtocol.h */ = {isa = PBXFileReference; lastKnownFileType = sourcecode.c.h; path = numbersProtocol.h; sourceTree = "<group>"; };
		747DB2C52BC2DE2600D450FA /* RSPerson.h */ = {isa = PBXFileReference; lastKnownFileType = sourcecode.c.h; path = RSPerson.h; sourceTree = "<group>"; };
		747DB2C62BC2DE2600D450FA /* RSPerson.m */ = {isa = PBXFileReference; lastKnownFileType = sourcecode.c.objc; path = RSPerson.m; sourceTree = "<group>"; };
		747DB2D12BC2F1A600D450FA /* RSPessenger.h */ = {isa = PBXFileReference; lastKnownFileType = sourcecode.c.h; path = RSPessenger.h; sourceTree = "<group>"; };
		747DB2D22BC2F1A600D450FA /* RSPessenger.m */ = {isa = PBXFileReference; lastKnownFileType = sourcecode.c.objc; path = RSPessenger.m; sourceTree = "<group>"; };
		747DB2D52BC2F35900D450FA /* RSVehicle.h */ = {isa = PBXFileReference; lastKnownFileType = sourcecode.c.h; path = RSVehicle.h; sourceTree = "<group>"; };
		747DB2D62BC2F35900D450FA /* RSVehicle.m */ = {isa = PBXFileReference; lastKnownFileType = sourcecode.c.objc; path = RSVehicle.m; sourceTree = "<group>"; };
		747DB2DC2BC2F61D00D450FA /* RSCar.h */ = {isa = PBXFileReference; lastKnownFileType = sourcecode.c.h; path = RSCar.h; sourceTree = "<group>"; };
		747DB2DD2BC2F61D00D450FA /* RSCar.m */ = {isa = PBXFileReference; lastKnownFileType = sourcecode.c.objc; path = RSCar.m; sourceTree = "<group>"; };
		747DB2E12BC2F6F200D450FA /* RSCarPort.h */ = {isa = PBXFileReference; lastKnownFileType = sourcecode.c.h; path = RSCarPort.h; sourceTree = "<group>"; };
		747DB2E22BC2F6F200D450FA /* RSCarPort.m */ = {isa = PBXFileReference; lastKnownFileType = sourcecode.c.objc; path = RSCarPort.m; sourceTree = "<group>"; };
/* End PBXFileReference section */

/* Begin PBXFrameworksBuildPhase section */
		747DB2A92BC28E8F00D450FA /* Frameworks */ = {
			isa = PBXFrameworksBuildPhase;
			buildActionMask = 2147483647;
			files = (
			);
			runOnlyForDeploymentPostprocessing = 0;
		};
/* End PBXFrameworksBuildPhase section */

/* Begin PBXGroup section */
		747DB2A32BC28E8F00D450FA = {
			isa = PBXGroup;
			children = (
				747DB2AE2BC28E8F00D450FA /* test Objective-C */,
				747DB2AD2BC28E8F00D450FA /* Products */,
			);
			sourceTree = "<group>";
		};
		747DB2AD2BC28E8F00D450FA /* Products */ = {
			isa = PBXGroup;
			children = (
				747DB2AC2BC28E8F00D450FA /* test Objective-C */,
			);
			name = Products;
			sourceTree = "<group>";
		};
		747DB2AE2BC28E8F00D450FA /* test Objective-C */ = {
			isa = PBXGroup;
			children = (
				747DB2CC2BC2F14D00D450FA /* test2 */,
				747DB2CB2BC2F12B00D450FA /* test1 */,
			);
			path = "test Objective-C";
			sourceTree = "<group>";
		};
		747DB2CB2BC2F12B00D450FA /* test1 */ = {
			isa = PBXGroup;
			children = (
				747DB2AF2BC28E8F00D450FA /* main.m */,
				747DB2BB2BC2A42500D450FA /* Fraction.m */,
				747DB2BA2BC2A42500D450FA /* Fraction.h */,
				747DB2C62BC2DE2600D450FA /* RSPerson.m */,
				747DB2C52BC2DE2600D450FA /* RSPerson.h */,
				747DB2C42BC2B16A00D450FA /* numbersProtocol.h */,
			);
			path = test1;
			sourceTree = "<group>";
		};
		747DB2CC2BC2F14D00D450FA /* test2 */ = {
			isa = PBXGroup;
			children = (
				747DB2CF2BC2F17000D450FA /* model */,
			);
			path = test2;
			sourceTree = "<group>";
		};
		747DB2CF2BC2F17000D450FA /* model */ = {
			isa = PBXGroup;
			children = (
				747DB2DF2BC2F6B800D450FA /* Port */,
				747DB2D82BC2F5C100D450FA /* Car */,
				747DB2D42BC2F33800D450FA /* Vehicle */,
				747DB2D02BC2F18F00D450FA /* passenger */,
			);
			path = model;
			sourceTree = "<group>";
		};
		747DB2D02BC2F18F00D450FA /* passenger */ = {
			isa = PBXGroup;
			children = (
				747DB2D12BC2F1A600D450FA /* RSPessenger.h */,
				747DB2D22BC2F1A600D450FA /* RSPessenger.m */,
			);
			path = passenger;
			sourceTree = "<group>";
		};
		747DB2D42BC2F33800D450FA /* Vehicle */ = {
			isa = PBXGroup;
			children = (
				747DB2D52BC2F35900D450FA /* RSVehicle.h */,
				747DB2D62BC2F35900D450FA /* RSVehicle.m */,
			);
			path = Vehicle;
			sourceTree = "<group>";
		};
		747DB2D82BC2F5C100D450FA /* Car */ = {
			isa = PBXGroup;
			children = (
				747DB2DC2BC2F61D00D450FA /* RSCar.h */,
				747DB2DD2BC2F61D00D450FA /* RSCar.m */,
			);
			path = Car;
			sourceTree = "<group>";
		};
		747DB2DF2BC2F6B800D450FA /* Port */ = {
			isa = PBXGroup;
			children = (
				747DB2E02BC2F6C100D450FA /* CarPort */,
			);
			path = Port;
			sourceTree = "<group>";
		};
		747DB2E02BC2F6C100D450FA /* CarPort */ = {
			isa = PBXGroup;
			children = (
				747DB2E12BC2F6F200D450FA /* RSCarPort.h */,
				747DB2E22BC2F6F200D450FA /* RSCarPort.m */,
			);
			path = CarPort;
			sourceTree = "<group>";
		};
/* End PBXGroup section */

/* Begin PBXNativeTarget section */
		747DB2AB2BC28E8F00D450FA /* test Objective-C */ = {
			isa = PBXNativeTarget;
			buildConfigurationList = 747DB2B32BC28E8F00D450FA /* Build configuration list for PBXNativeTarget "test Objective-C" */;
			buildPhases = (
				747DB2A82BC28E8F00D450FA /* Sources */,
				747DB2A92BC28E8F00D450FA /* Frameworks */,
				747DB2AA2BC28E8F00D450FA /* CopyFiles */,
			);
			buildRules = (
			);
			dependencies = (
			);
			name = "test Objective-C";
			productName = "test Objective-C";
			productReference = 747DB2AC2BC28E8F00D450FA /* test Objective-C */;
			productType = "com.apple.product-type.tool";
		};
/* End PBXNativeTarget section */

/* Begin PBXProject section */
		747DB2A42BC28E8F00D450FA /* Project object */ = {
			isa = PBXProject;
			attributes = {
				BuildIndependentTargetsInParallel = 1;
				LastUpgradeCheck = 1420;
				TargetAttributes = {
					747DB2AB2BC28E8F00D450FA = {
						CreatedOnToolsVersion = 14.2;
					};
				};
			};
			buildConfigurationList = 747DB2A72BC28E8F00D450FA /* Build configuration list for PBXProject "test Objective-C" */;
			compatibilityVersion = "Xcode 14.0";
			developmentRegion = en;
			hasScannedForEncodings = 0;
			knownRegions = (
				en,
				Base,
			);
			mainGroup = 747DB2A32BC28E8F00D450FA;
			productRefGroup = 747DB2AD2BC28E8F00D450FA /* Products */;
			projectDirPath = "";
			projectRoot = "";
			targets = (
				747DB2AB2BC28E8F00D450FA /* test Objective-C */,
			);
		};
/* End PBXProject section */

/* Begin PBXSourcesBuildPhase section */
		747DB2A82BC28E8F00D450FA /* Sources */ = {
			isa = PBXSourcesBuildPhase;
			buildActionMask = 2147483647;
			files = (
				747DB2C72BC2DE2600D450FA /* RSPerson.m in Sources */,
				747DB2D32BC2F1A600D450FA /* RSPessenger.m in Sources */,
				747DB2E32BC2F6F200D450FA /* RSCarPort.m in Sources */,
				747DB2B02BC28E8F00D450FA /* main.m in Sources */,
				747DB2DE2BC2F61D00D450FA /* RSCar.m in Sources */,
				747DB2D72BC2F35900D450FA /* RSVehicle.m in Sources */,
				747DB2BC2BC2A42500D450FA /* Fraction.m in Sources */,
			);
			runOnlyForDeploymentPostprocessing = 0;
		};
/* End PBXSourcesBuildPhase section */

/* Begin XCBuildConfiguration section */
		747DB2B12BC28E8F00D450FA /* Debug */ = {
			isa = XCBuildConfiguration;
			buildSettings = {
				ALWAYS_SEARCH_USER_PATHS = NO;
				CLANG_ANALYZER_NONNULL = YES;
				CLANG_ANALYZER_NUMBER_OBJECT_CONVERSION = YES_AGGRESSIVE;
				CLANG_CXX_LANGUAGE_STANDARD = "gnu++20";
				CLANG_ENABLE_MODULES = YES;
				CLANG_ENABLE_OBJC_ARC = YES;
				CLANG_ENABLE_OBJC_WEAK = YES;
				CLANG_WARN_BLOCK_CAPTURE_AUTORELEASING = YES;
				CLANG_WARN_BOOL_CONVERSION = YES;
				CLANG_WARN_COMMA = YES;
				CLANG_WARN_CONSTANT_CONVERSION = YES;
				CLANG_WARN_DEPRECATED_OBJC_IMPLEMENTATIONS = YES;
				CLANG_WARN_DIRECT_OBJC_ISA_USAGE = YES_ERROR;
				CLANG_WARN_DOCUMENTATION_COMMENTS = YES;
				CLANG_WARN_EMPTY_BODY = YES;
				CLANG_WARN_ENUM_CONVERSION = YES;
				CLANG_WARN_INFINITE_RECURSION = YES;
				CLANG_WARN_INT_CONVERSION = YES;
				CLANG_WARN_NON_LITERAL_NULL_CONVERSION = YES;
				CLANG_WARN_OBJC_IMPLICIT_RETAIN_SELF = YES;
				CLANG_WARN_OBJC_LITERAL_CONVERSION = YES;
				CLANG_WARN_OBJC_ROOT_CLASS = YES_ERROR;
				CLANG_WARN_QUOTED_INCLUDE_IN_FRAMEWORK_HEADER = YES;
				CLANG_WARN_RANGE_LOOP_ANALYSIS = YES;
				CLANG_WARN_STRICT_PROTOTYPES = YES;
				CLANG_WARN_SUSPICIOUS_MOVE = YES;
				CLANG_WARN_UNGUARDED_AVAILABILITY = YES_AGGRESSIVE;
				CLANG_WARN_UNREACHABLE_CODE = YES;
				CLANG_WARN__DUPLICATE_METHOD_MATCH = YES;
				COPY_PHASE_STRIP = NO;
				DEBUG_INFORMATION_FORMAT = dwarf;
				ENABLE_STRICT_OBJC_MSGSEND = YES;
				ENABLE_TESTABILITY = YES;
				GCC_C_LANGUAGE_STANDARD = gnu11;
				GCC_DYNAMIC_NO_PIC = NO;
				GCC_NO_COMMON_BLOCKS = YES;
				GCC_OPTIMIZATION_LEVEL = 0;
				GCC_PREPROCESSOR_DEFINITIONS = (
					"DEBUG=1",
					"$(inherited)",
				);
				GCC_WARN_64_TO_32_BIT_CONVERSION = YES;
				GCC_WARN_ABOUT_RETURN_TYPE = YES_ERROR;
				GCC_WARN_UNDECLARED_SELECTOR = YES;
				GCC_WARN_UNINITIALIZED_AUTOS = YES_AGGRESSIVE;
				GCC_WARN_UNUSED_FUNCTION = YES;
				GCC_WARN_UNUSED_VARIABLE = YES;
				MACOSX_DEPLOYMENT_TARGET = 12.7;
				MTL_ENABLE_DEBUG_INFO = INCLUDE_SOURCE;
				MTL_FAST_MATH = YES;
				ONLY_ACTIVE_ARCH = YES;
				SDKROOT = macosx;
			};
			name = Debug;
		};
		747DB2B22BC28E8F00D450FA /* Release */ = {
			isa = XCBuildConfiguration;
			buildSettings = {
				ALWAYS_SEARCH_USER_PATHS = NO;
				CLANG_ANALYZER_NONNULL = YES;
				CLANG_ANALYZER_NUMBER_OBJECT_CONVERSION = YES_AGGRESSIVE;
				CLANG_CXX_LANGUAGE_STANDARD = "gnu++20";
				CLANG_ENABLE_MODULES = YES;
				CLANG_ENABLE_OBJC_ARC = YES;
				CLANG_ENABLE_OBJC_WEAK = YES;
				CLANG_WARN_BLOCK_CAPTURE_AUTORELEASING = YES;
				CLANG_WARN_BOOL_CONVERSION = YES;
				CLANG_WARN_COMMA = YES;
				CLANG_WARN_CONSTANT_CONVERSION = YES;
				CLANG_WARN_DEPRECATED_OBJC_IMPLEMENTATIONS = YES;
				CLANG_WARN_DIRECT_OBJC_ISA_USAGE = YES_ERROR;
				CLANG_WARN_DOCUMENTATION_COMMENTS = YES;
				CLANG_WARN_EMPTY_BODY = YES;
				CLANG_WARN_ENUM_CONVERSION = YES;
				CLANG_WARN_INFINITE_RECURSION = YES;
				CLANG_WARN_INT_CONVERSION = YES;
				CLANG_WARN_NON_LITERAL_NULL_CONVERSION = YES;
				CLANG_WARN_OBJC_IMPLICIT_RETAIN_SELF = YES;
				CLANG_WARN_OBJC_LITERAL_CONVERSION = YES;
				CLANG_WARN_OBJC_ROOT_CLASS = YES_ERROR;
				CLANG_WARN_QUOTED_INCLUDE_IN_FRAMEWORK_HEADER = YES;
				CLANG_WARN_RANGE_LOOP_ANALYSIS = YES;
				CLANG_WARN_STRICT_PROTOTYPES = YES;
				CLANG_WARN_SUSPICIOUS_MOVE = YES;
				CLANG_WARN_UNGUARDED_AVAILABILITY = YES_AGGRESSIVE;
				CLANG_WARN_UNREACHABLE_CODE = YES;
				CLANG_WARN__DUPLICATE_METHOD_MATCH = YES;
				COPY_PHASE_STRIP = NO;
				DEBUG_INFORMATION_FORMAT = "dwarf-with-dsym";
				ENABLE_NS_ASSERTIONS = NO;
				ENABLE_STRICT_OBJC_MSGSEND = YES;
				GCC_C_LANGUAGE_STANDARD = gnu11;
				GCC_NO_COMMON_BLOCKS = YES;
				GCC_WARN_64_TO_32_BIT_CONVERSION = YES;
				GCC_WARN_ABOUT_RETURN_TYPE = YES_ERROR;
				GCC_WARN_UNDECLARED_SELECTOR = YES;
				GCC_WARN_UNINITIALIZED_AUTOS = YES_AGGRESSIVE;
				GCC_WARN_UNUSED_FUNCTION = YES;
				GCC_WARN_UNUSED_VARIABLE = YES;
				MACOSX_DEPLOYMENT_TARGET = 12.7;
				MTL_ENABLE_DEBUG_INFO = NO;
				MTL_FAST_MATH = YES;
				SDKROOT = macosx;
			};
			name = Release;
		};
		747DB2B42BC28E8F00D450FA /* Debug */ = {
			isa = XCBuildConfiguration;
			buildSettings = {
				CODE_SIGN_STYLE = Automatic;
				DEVELOPMENT_TEAM = SMPKNPT46X;
				ENABLE_HARDENED_RUNTIME = YES;
				PRODUCT_NAME = "$(TARGET_NAME)";
			};
			name = Debug;
		};
		747DB2B52BC28E8F00D450FA /* Release */ = {
			isa = XCBuildConfiguration;
			buildSettings = {
				CODE_SIGN_STYLE = Automatic;
				DEVELOPMENT_TEAM = SMPKNPT46X;
				ENABLE_HARDENED_RUNTIME = YES;
				PRODUCT_NAME = "$(TARGET_NAME)";
			};
			name = Release;
		};
/* End XCBuildConfiguration section */

/* Begin XCConfigurationList section */
		747DB2A72BC28E8F00D450FA /* Build configuration list for PBXProject "test Objective-C" */ = {
			isa = XCConfigurationList;
			buildConfigurations = (
				747DB2B12BC28E8F00D450FA /* Debug */,
				747DB2B22BC28E8F00D450FA /* Release */,
			);
			defaultConfigurationIsVisible = 0;
			defaultConfigurationName = Release;
		};
		747DB2B32BC28E8F00D450FA /* Build configuration list for PBXNativeTarget "test Objective-C" */ = {
			isa = XCConfigurationList;
			buildConfigurations = (
				747DB2B42BC28E8F00D450FA /* Debug */,
				747DB2B52BC28E8F00D450FA /* Release */,
			);
			defaultConfigurationIsVisible = 0;
			defaultConfigurationName = Release;
		};
/* End XCConfigurationList section */
	};
	rootObject = 747DB2A42BC28E8F00D450FA /* Project object */;
}
